
Microsoft Visual Studio Solution File, Format Version 12.00
# Visual Studio Version 16
VisualStudioVersion = 16.0.30002.166
MinimumVisualStudioVersion = 10.0.40219.1
Project("{9A19103F-16F7-4668-BE54-9A1E7A4F7556}") = "DesignPatterns", "DesignPatterns\DesignPatterns.csproj", "{0C766F51-37CD-454F-B038-90318D3D3202}"
EndProject
Project("{FAE04EC0-301F-11D3-BF4B-00C04F79EFBC}") = "DesignPatterns.UnitTests", "DesignPatterns.UnitTests\DesignPatterns.UnitTests.csproj", "{191825AE-A6DF-4F30-B330-16A773D74CF1}"
EndProject
Global
	GlobalSection(SolutionConfigurationPlatforms) = preSolution
		Debug|Any CPU = Debug|Any CPU
		Release|Any CPU = Release|Any CPU
	EndGlobalSection
	GlobalSection(ProjectConfigurationPlatforms) = postSolution
		{0C766F51-37CD-454F-B038-90318D3D3202}.Debug|Any CPU.ActiveCfg = Debug|Any CPU
		{0C766F51-37CD-454F-B038-90318D3D3202}.Debug|Any CPU.Build.0 = Debug|Any CPU
		{0C766F51-37CD-454F-B038-90318D3D3202}.Release|Any CPU.ActiveCfg = Release|Any CPU
		{0C766F51-37CD-454F-B038-90318D3D3202}.Release|Any CPU.Build.0 = Release|Any CPU
		{191825AE-A6DF-4F30-B330-16A773D74CF1}.Debug|Any CPU.ActiveCfg = Debug|Any CPU
		{191825AE-A6DF-4F30-B330-16A773D74CF1}.Debug|Any CPU.Build.0 = Debug|Any CPU
		{191825AE-A6DF-4F30-B330-16A773D74CF1}.Release|Any CPU.ActiveCfg = Release|Any CPU
		{191825AE-A6DF-4F30-B330-16A773D74CF1}.Release|Any CPU.Build.0 = Release|Any CPU
	EndGlobalSection
	GlobalSection(SolutionProperties) = preSolution
		HideSolutionNode = FALSE
	EndGlobalSection
	GlobalSection(ExtensibilityGlobals) = postSolution
		SolutionGuid = {BB1F0B88-6119-4956-8605-A1DBDCB2E884}
	EndGlobalSection
EndGlobal
